
Microsoft Visual Studio Solution File, Format Version 12.00
# Visual Studio 15
VisualStudioVersion = 15.0.28010.2036
MinimumVisualStudioVersion = 10.0.40219.1
Project("{FAE04EC0-301F-11D3-BF4B-00C04F79EFBC}") = "TP2_AnalyseProgramme_HBrochu_PDuhaime", "TP2_AnalyseProgramme_HBrochu_PDuhaime\TP2_AnalyseProgramme_HBrochu_PDuhaime.csproj", "{9160CE26-D716-4057-BA39-CCDD08518D9E}"
EndProject
Global
	GlobalSection(SolutionConfigurationPlatforms) = preSolution
		Debug|Any CPU = Debug|Any CPU
		Release|Any CPU = Release|Any CPU
	EndGlobalSection
	GlobalSection(ProjectConfigurationPlatforms) = postSolution
		{9160CE26-D716-4057-BA39-CCDD08518D9E}.Debug|Any CPU.ActiveCfg = Debug|Any CPU
		{9160CE26-D716-4057-BA39-CCDD08518D9E}.Debug|Any CPU.Build.0 = Debug|Any CPU
		{9160CE26-D716-4057-BA39-CCDD08518D9E}.Release|Any CPU.ActiveCfg = Release|Any CPU
		{9160CE26-D716-4057-BA39-CCDD08518D9E}.Release|Any CPU.Build.0 = Release|Any CPU
	EndGlobalSection
	GlobalSection(SolutionProperties) = preSolution
		HideSolutionNode = FALSE
	EndGlobalSection
	GlobalSection(ExtensibilityGlobals) = postSolution
		SolutionGuid = {BC2AA623-C0AC-4EB6-9243-B5FECCB3EB7D}
	EndGlobalSection
EndGlobal
